// !$*UTF8*$!
{
	archiveVersion = 1;
	classes = {
	};
	objectVersion = 46;
	objects = {

/* Begin PBXBuildFile section */
		F52B58281D59C8B2005EA463 /* CZRouterModuleB.m in Sources */ = {isa = PBXBuildFile; fileRef = F52B58271D59C8B2005EA463 /* CZRouterModuleB.m */; };
/* End PBXBuildFile section */

/* Begin PBXCopyFilesBuildPhase section */
		F52B57B71D59BDAB005EA463 /* CopyFiles */ = {
			isa = PBXCopyFilesBuildPhase;
			buildActionMask = 2147483647;
			dstPath = "include/$(PRODUCT_NAME)";
			dstSubfolderSpec = 16;
			files = (
			);
			runOnlyForDeploymentPostprocessing = 0;
		};
/* End PBXCopyFilesBuildPhase section */

/* Begin PBXFileReference section */
		F52B57B91D59BDAB005EA463 /* libModuleB.a */ = {isa = PBXFileReference; explicitFileType = archive.ar; includeInIndex = 0; path = libModuleB.a; sourceTree = BUILT_PRODUCTS_DIR; };
		F52B58261D59C8B2005EA463 /* CZRouterModuleB.h */ = {isa = PBXFileReference; fileEncoding = 4; lastKnownFileType = sourcecode.c.h; path = CZRouterModuleB.h; sourceTree = "<group>"; };
		F52B58271D59C8B2005EA463 /* CZRouterModuleB.m */ = {isa = PBXFileReference; fileEncoding = 4; lastKnownFileType = sourcecode.c.objc; path = CZRouterModuleB.m; sourceTree = "<group>"; };
/* End PBXFileReference section */

/* Begin PBXFrameworksBuildPhase section */
		F52B57B61D59BDAB005EA463 /* Frameworks */ = {
			isa = PBXFrameworksBuildPhase;
			buildActionMask = 2147483647;
			files = (
			);
			runOnlyForDeploymentPostprocessing = 0;
		};
/* End PBXFrameworksBuildPhase section */

/* Begin PBXGroup section */
		F52B57B01D59BDAB005EA463 = {
			isa = PBXGroup;
			children = (
				F52B57BB1D59BDAB005EA463 /* ModuleB */,
				F52B57BA1D59BDAB005EA463 /* Products */,
			);
			sourceTree = "<group>";
		};
		F52B57BA1D59BDAB005EA463 /* Products */ = {
			isa = PBXGroup;
			children = (
				F52B57B91D59BDAB005EA463 /* libModuleB.a */,
			);
			name = Products;
			sourceTree = "<group>";
		};
		F52B57BB1D59BDAB005EA463 /* ModuleB */ = {
			isa = PBXGroup;
			children = (
				F52B58261D59C8B2005EA463 /* CZRouterModuleB.h */,
				F52B58271D59C8B2005EA463 /* CZRouterModuleB.m */,
			);
			path = ModuleB;
			sourceTree = "<group>";
		};
/* End PBXGroup section */

/* Begin PBXNativeTarget section */
		F52B57B81D59BDAB005EA463 /* ModuleB */ = {
			isa = PBXNativeTarget;
			buildConfigurationList = F52B57C21D59BDAB005EA463 /* Build configuration list for PBXNativeTarget "ModuleB" */;
			buildPhases = (
				F52B57B51D59BDAB005EA463 /* Sources */,
				F52B57B61D59BDAB005EA463 /* Frameworks */,
				F52B57B71D59BDAB005EA463 /* CopyFiles */,
			);
			buildRules = (
			);
			dependencies = (
			);
			name = ModuleB;
			productName = ModuleB;
			productReference = F52B57B91D59BDAB005EA463 /* libModuleB.a */;
			productType = "com.apple.product-type.library.static";
		};
/* End PBXNativeTarget section */

/* Begin PBXProject section */
		F52B57B11D59BDAB005EA463 /* Project object */ = {
			isa = PBXProject;
			attributes = {
				LastUpgradeCheck = 0730;
				ORGANIZATIONNAME = tczhu;
				TargetAttributes = {
					F52B57B81D59BDAB005EA463 = {
						CreatedOnToolsVersion = 7.3.1;
					};
				};
			};
			buildConfigurationList = F52B57B41D59BDAB005EA463 /* Build configuration list for PBXProject "ModuleB" */;
			compatibilityVersion = "Xcode 3.2";
			developmentRegion = English;
			hasScannedForEncodings = 0;
			knownRegions = (
				en,
			);
			mainGroup = F52B57B01D59BDAB005EA463;
			productRefGroup = F52B57BA1D59BDAB005EA463 /* Products */;
			projectDirPath = "";
			projectRoot = "";
			targets = (
				F52B57B81D59BDAB005EA463 /* ModuleB */,
			);
		};
/* End PBXProject section */

/* Begin PBXSourcesBuildPhase section */
		F52B57B51D59BDAB005EA463 /* Sources */ = {
			isa = PBXSourcesBuildPhase;
			buildActionMask = 2147483647;
			files = (
				F52B58281D59C8B2005EA463 /* CZRouterModuleB.m in Sources */,
			);
			runOnlyForDeploymentPostprocessing = 0;
		};
/* End PBXSourcesBuildPhase section */

/* Begin XCBuildConfiguration section */
		F52B57C01D59BDAB005EA463 /* Debug */ = {
			isa = XCBuildConfiguration;
			buildSettings = {
				ALWAYS_SEARCH_USER_PATHS = NO;
				CLANG_ANALYZER_NONNULL = YES;
				CLANG_CXX_LANGUAGE_STANDARD = "gnu++0x";
				CLANG_CXX_LIBRARY = "libc++";
				CLANG_ENABLE_MODULES = YES;
				CLANG_ENABLE_OBJC_ARC = YES;
				CLANG_WARN_BOOL_CONVERSION = YES;
				CLANG_WARN_CONSTANT_CONVERSION = YES;
				CLANG_WARN_DIRECT_OBJC_ISA_USAGE = YES_ERROR;
				CLANG_WARN_EMPTY_BODY = YES;
				CLANG_WARN_ENUM_CONVERSION = YES;
				CLANG_WARN_INT_CONVERSION = YES;
				CLANG_WARN_OBJC_ROOT_CLASS = YES_ERROR;
				CLANG_WARN_UNREACHABLE_CODE = YES;
				CLANG_WARN__DUPLICATE_METHOD_MATCH = YES;
				"CODE_SIGN_IDENTITY[sdk=iphoneos*]" = "iPhone Developer";
				COPY_PHASE_STRIP = NO;
				DEBUG_INFORMATION_FORMAT = dwarf;
				ENABLE_STRICT_OBJC_MSGSEND = YES;
				ENABLE_TESTABILITY = YES;
				GCC_C_LANGUAGE_STANDARD = gnu99;
				GCC_DYNAMIC_NO_PIC = NO;
				GCC_NO_COMMON_BLOCKS = YES;
				GCC_OPTIMIZATION_LEVEL = 0;
				GCC_PREPROCESSOR_DEFINITIONS = (
					"DEBUG=1",
					"$(inherited)",
				);
				GCC_WARN_64_TO_32_BIT_CONVERSION = YES;
				GCC_WARN_ABOUT_RETURN_TYPE = YES_ERROR;
				GCC_WARN_UNDECLARED_SELECTOR = YES;
				GCC_WARN_UNINITIALIZED_AUTOS = YES_AGGRESSIVE;
				GCC_WARN_UNUSED_FUNCTION = YES;
				GCC_WARN_UNUSED_VARIABLE = YES;
				IPHONEOS_DEPLOYMENT_TARGET = 9.3;
				MTL_ENABLE_DEBUG_INFO = YES;
				ONLY_ACTIVE_ARCH = YES;
				SDKROOT = iphoneos;
			};
			name = Debug;
		};
		F52B57C11D59BDAB005EA463 /* Release */ = {
			isa = XCBuildConfiguration;
			buildSettings = {
				ALWAYS_SEARCH_USER_PATHS = NO;
				CLANG_ANALYZER_NONNULL = YES;
				CLANG_CXX_LANGUAGE_STANDARD = "gnu++0x";
				CLANG_CXX_LIBRARY = "libc++";
				CLANG_ENABLE_MODULES = YES;
				CLANG_ENABLE_OBJC_ARC = YES;
				CLANG_WARN_BOOL_CONVERSION = YES;
				CLANG_WARN_CONSTANT_CONVERSION = YES;
				CLANG_WARN_DIRECT_OBJC_ISA_USAGE = YES_ERROR;
				CLANG_WARN_EMPTY_BODY = YES;
				CLANG_WARN_ENUM_CONVERSION = YES;
				CLANG_WARN_INT_CONVERSION = YES;
				CLANG_WARN_OBJC_ROOT_CLASS = YES_ERROR;
				CLANG_WARN_UNREACHABLE_CODE = YES;
				CLANG_WARN__DUPLICATE_METHOD_MATCH = YES;
				"CODE_SIGN_IDENTITY[sdk=iphoneos*]" = "iPhone Developer";
				COPY_PHASE_STRIP = NO;
				DEBUG_INFORMATION_FORMAT = "dwarf-with-dsym";
				ENABLE_NS_ASSERTIONS = NO;
				ENABLE_STRICT_OBJC_MSGSEND = YES;
				GCC_C_LANGUAGE_STANDARD = gnu99;
				GCC_NO_COMMON_BLOCKS = YES;
				GCC_WARN_64_TO_32_BIT_CONVERSION = YES;
				GCC_WARN_ABOUT_RETURN_TYPE = YES_ERROR;
				GCC_WARN_UNDECLARED_SELECTOR = YES;
				GCC_WARN_UNINITIALIZED_AUTOS = YES_AGGRESSIVE;
				GCC_WARN_UNUSED_FUNCTION = YES;
				GCC_WARN_UNUSED_VARIABLE = YES;
				IPHONEOS_DEPLOYMENT_TARGET = 9.3;
				MTL_ENABLE_DEBUG_INFO = NO;
				SDKROOT = iphoneos;
				VALIDATE_PRODUCT = YES;
			};
			name = Release;
		};
		F52B57C31D59BDAB005EA463 /* Debug */ = {
			isa = XCBuildConfiguration;
			buildSettings = {
				HEADER_SEARCH_PATHS = "../CZBase/**";
				OTHER_LDFLAGS = "-ObjC";
				PRODUCT_NAME = "$(TARGET_NAME)";
				SKIP_INSTALL = YES;
			};
			name = Debug;
		};
		F52B57C41D59BDAB005EA463 /* Release */ = {
			isa = XCBuildConfiguration;
			buildSettings = {
				HEADER_SEARCH_PATHS = "../CZBase/**";
				OTHER_LDFLAGS = "-ObjC";
				PRODUCT_NAME = "$(TARGET_NAME)";
				SKIP_INSTALL = YES;
			};
			name = Release;
		};
/* End XCBuildConfiguration section */

/* Begin XCConfigurationList section */
		F52B57B41D59BDAB005EA463 /* Build configuration list for PBXProject "ModuleB" */ = {
			isa = XCConfigurationList;
			buildConfigurations = (
				F52B57C01D59BDAB005EA463 /* Debug */,
				F52B57C11D59BDAB005EA463 /* Release */,
			);
			defaultConfigurationIsVisible = 0;
			defaultConfigurationName = Release;
		};
		F52B57C21D59BDAB005EA463 /* Build configuration list for PBXNativeTarget "ModuleB" */ = {
			isa = XCConfigurationList;
			buildConfigurations = (
				F52B57C31D59BDAB005EA463 /* Debug */,
				F52B57C41D59BDAB005EA463 /* Release */,
			);
			defaultConfigurationIsVisible = 0;
			defaultConfigurationName = Release;
		};
/* End XCConfigurationList section */
	};
	rootObject = F52B57B11D59BDAB005EA463 /* Project object */;
}
