// !$*UTF8*$!
{
	archiveVersion = 1;
	classes = {
	};
	objectVersion = 46;
	objects = {

/* Begin PBXBuildFile section */
		F52B582B1D59C8BE005EA463 /* CZRouterModuleC.m in Sources */ = {isa = PBXBuildFile; fileRef = F52B582A1D59C8BE005EA463 /* CZRouterModuleC.m */; };
		F52B584C1D59DCCB005EA463 /* ModuleViewControllerC.m in Sources */ = {isa = PBXBuildFile; fileRef = F52B584A1D59DCCB005EA463 /* ModuleViewControllerC.m */; };
		F52B587D1D59E794005EA463 /* ModuleViewControllerC.xib in Resources */ = {isa = PBXBuildFile; fileRef = F52B584B1D59DCCB005EA463 /* ModuleViewControllerC.xib */; };
/* End PBXBuildFile section */

/* Begin PBXContainerItemProxy section */
		F52B586B1D59DDE2005EA463 /* PBXContainerItemProxy */ = {
			isa = PBXContainerItemProxy;
			containerPortal = F52B57C61D59BDBA005EA463 /* Project object */;
			proxyType = 1;
			remoteGlobalIDString = F52B58501D59DD54005EA463;
			remoteInfo = ModuleCBundle;
		};
/* End PBXContainerItemProxy section */

/* Begin PBXCopyFilesBuildPhase section */
		F52B57CC1D59BDBA005EA463 /* CopyFiles */ = {
			isa = PBXCopyFilesBuildPhase;
			buildActionMask = 2147483647;
			dstPath = "include/$(PRODUCT_NAME)";
			dstSubfolderSpec = 16;
			files = (
			);
			runOnlyForDeploymentPostprocessing = 0;
		};
/* End PBXCopyFilesBuildPhase section */

/* Begin PBXFileReference section */
		F52B57CE1D59BDBA005EA463 /* libModuleC.a */ = {isa = PBXFileReference; explicitFileType = archive.ar; includeInIndex = 0; path = libModuleC.a; sourceTree = BUILT_PRODUCTS_DIR; };
		F52B58291D59C8BE005EA463 /* CZRouterModuleC.h */ = {isa = PBXFileReference; fileEncoding = 4; lastKnownFileType = sourcecode.c.h; path = CZRouterModuleC.h; sourceTree = "<group>"; };
		F52B582A1D59C8BE005EA463 /* CZRouterModuleC.m */ = {isa = PBXFileReference; fileEncoding = 4; lastKnownFileType = sourcecode.c.objc; path = CZRouterModuleC.m; sourceTree = "<group>"; };
		F52B58491D59DCCB005EA463 /* ModuleViewControllerC.h */ = {isa = PBXFileReference; fileEncoding = 4; lastKnownFileType = sourcecode.c.h; path = ModuleViewControllerC.h; sourceTree = "<group>"; };
		F52B584A1D59DCCB005EA463 /* ModuleViewControllerC.m */ = {isa = PBXFileReference; fileEncoding = 4; lastKnownFileType = sourcecode.c.objc; path = ModuleViewControllerC.m; sourceTree = "<group>"; };
		F52B584B1D59DCCB005EA463 /* ModuleViewControllerC.xib */ = {isa = PBXFileReference; fileEncoding = 4; lastKnownFileType = file.xib; path = ModuleViewControllerC.xib; sourceTree = "<group>"; };
		F52B58511D59DD54005EA463 /* ModuleCBundle.bundle */ = {isa = PBXFileReference; explicitFileType = wrapper.cfbundle; includeInIndex = 0; path = ModuleCBundle.bundle; sourceTree = BUILT_PRODUCTS_DIR; };
		F52B58531D59DD54005EA463 /* Info.plist */ = {isa = PBXFileReference; lastKnownFileType = text.plist.xml; path = Info.plist; sourceTree = "<group>"; };
/* End PBXFileReference section */

/* Begin PBXFrameworksBuildPhase section */
		F52B57CB1D59BDBA005EA463 /* Frameworks */ = {
			isa = PBXFrameworksBuildPhase;
			buildActionMask = 2147483647;
			files = (
			);
			runOnlyForDeploymentPostprocessing = 0;
		};
		F52B584E1D59DD54005EA463 /* Frameworks */ = {
			isa = PBXFrameworksBuildPhase;
			buildActionMask = 2147483647;
			files = (
			);
			runOnlyForDeploymentPostprocessing = 0;
		};
/* End PBXFrameworksBuildPhase section */

/* Begin PBXGroup section */
		F52B57C51D59BDBA005EA463 = {
			isa = PBXGroup;
			children = (
				F52B583C1D59D7C6005EA463 /* UI */,
				F52B57D01D59BDBA005EA463 /* ModuleC */,
				F52B58521D59DD54005EA463 /* ModuleCBundle */,
				F52B57CF1D59BDBA005EA463 /* Products */,
			);
			sourceTree = "<group>";
		};
		F52B57CF1D59BDBA005EA463 /* Products */ = {
			isa = PBXGroup;
			children = (
				F52B57CE1D59BDBA005EA463 /* libModuleC.a */,
				F52B58511D59DD54005EA463 /* ModuleCBundle.bundle */,
			);
			name = Products;
			sourceTree = "<group>";
		};
		F52B57D01D59BDBA005EA463 /* ModuleC */ = {
			isa = PBXGroup;
			children = (
				F52B58291D59C8BE005EA463 /* CZRouterModuleC.h */,
				F52B582A1D59C8BE005EA463 /* CZRouterModuleC.m */,
			);
			path = ModuleC;
			sourceTree = "<group>";
		};
		F52B583C1D59D7C6005EA463 /* UI */ = {
			isa = PBXGroup;
			children = (
				F52B58491D59DCCB005EA463 /* ModuleViewControllerC.h */,
				F52B584A1D59DCCB005EA463 /* ModuleViewControllerC.m */,
				F52B584B1D59DCCB005EA463 /* ModuleViewControllerC.xib */,
			);
			name = UI;
			sourceTree = "<group>";
		};
		F52B58521D59DD54005EA463 /* ModuleCBundle */ = {
			isa = PBXGroup;
			children = (
				F52B58531D59DD54005EA463 /* Info.plist */,
			);
			path = ModuleCBundle;
			sourceTree = "<group>";
		};
/* End PBXGroup section */

/* Begin PBXNativeTarget section */
		F52B57CD1D59BDBA005EA463 /* ModuleC */ = {
			isa = PBXNativeTarget;
			buildConfigurationList = F52B57D71D59BDBA005EA463 /* Build configuration list for PBXNativeTarget "ModuleC" */;
			buildPhases = (
				F52B57CA1D59BDBA005EA463 /* Sources */,
				F52B57CB1D59BDBA005EA463 /* Frameworks */,
				F52B57CC1D59BDBA005EA463 /* CopyFiles */,
			);
			buildRules = (
			);
			dependencies = (
				F52B586C1D59DDE2005EA463 /* PBXTargetDependency */,
			);
			name = ModuleC;
			productName = ModuleC;
			productReference = F52B57CE1D59BDBA005EA463 /* libModuleC.a */;
			productType = "com.apple.product-type.library.static";
		};
		F52B58501D59DD54005EA463 /* ModuleCBundle */ = {
			isa = PBXNativeTarget;
			buildConfigurationList = F52B58541D59DD54005EA463 /* Build configuration list for PBXNativeTarget "ModuleCBundle" */;
			buildPhases = (
				F52B584D1D59DD54005EA463 /* Sources */,
				F52B584E1D59DD54005EA463 /* Frameworks */,
				F52B584F1D59DD54005EA463 /* Resources */,
			);
			buildRules = (
			);
			dependencies = (
			);
			name = ModuleCBundle;
			productName = ModuleCBundle;
			productReference = F52B58511D59DD54005EA463 /* ModuleCBundle.bundle */;
			productType = "com.apple.product-type.bundle";
		};
/* End PBXNativeTarget section */

/* Begin PBXProject section */
		F52B57C61D59BDBA005EA463 /* Project object */ = {
			isa = PBXProject;
			attributes = {
				LastUpgradeCheck = 0730;
				ORGANIZATIONNAME = tczhu;
				TargetAttributes = {
					F52B57CD1D59BDBA005EA463 = {
						CreatedOnToolsVersion = 7.3.1;
					};
					F52B58501D59DD54005EA463 = {
						CreatedOnToolsVersion = 7.3.1;
					};
				};
			};
			buildConfigurationList = F52B57C91D59BDBA005EA463 /* Build configuration list for PBXProject "ModuleC" */;
			compatibilityVersion = "Xcode 3.2";
			developmentRegion = English;
			hasScannedForEncodings = 0;
			knownRegions = (
				en,
			);
			mainGroup = F52B57C51D59BDBA005EA463;
			productRefGroup = F52B57CF1D59BDBA005EA463 /* Products */;
			projectDirPath = "";
			projectRoot = "";
			targets = (
				F52B57CD1D59BDBA005EA463 /* ModuleC */,
				F52B58501D59DD54005EA463 /* ModuleCBundle */,
			);
		};
/* End PBXProject section */

/* Begin PBXResourcesBuildPhase section */
		F52B584F1D59DD54005EA463 /* Resources */ = {
			isa = PBXResourcesBuildPhase;
			buildActionMask = 2147483647;
			files = (
				F52B587D1D59E794005EA463 /* ModuleViewControllerC.xib in Resources */,
			);
			runOnlyForDeploymentPostprocessing = 0;
		};
/* End PBXResourcesBuildPhase section */

/* Begin PBXSourcesBuildPhase section */
		F52B57CA1D59BDBA005EA463 /* Sources */ = {
			isa = PBXSourcesBuildPhase;
			buildActionMask = 2147483647;
			files = (
				F52B584C1D59DCCB005EA463 /* ModuleViewControllerC.m in Sources */,
				F52B582B1D59C8BE005EA463 /* CZRouterModuleC.m in Sources */,
			);
			runOnlyForDeploymentPostprocessing = 0;
		};
		F52B584D1D59DD54005EA463 /* Sources */ = {
			isa = PBXSourcesBuildPhase;
			buildActionMask = 2147483647;
			files = (
			);
			runOnlyForDeploymentPostprocessing = 0;
		};
/* End PBXSourcesBuildPhase section */

/* Begin PBXTargetDependency section */
		F52B586C1D59DDE2005EA463 /* PBXTargetDependency */ = {
			isa = PBXTargetDependency;
			target = F52B58501D59DD54005EA463 /* ModuleCBundle */;
			targetProxy = F52B586B1D59DDE2005EA463 /* PBXContainerItemProxy */;
		};
/* End PBXTargetDependency section */

/* Begin XCBuildConfiguration section */
		F52B57D51D59BDBA005EA463 /* Debug */ = {
			isa = XCBuildConfiguration;
			buildSettings = {
				ALWAYS_SEARCH_USER_PATHS = NO;
				CLANG_ANALYZER_NONNULL = YES;
				CLANG_CXX_LANGUAGE_STANDARD = "gnu++0x";
				CLANG_CXX_LIBRARY = "libc++";
				CLANG_ENABLE_MODULES = YES;
				CLANG_ENABLE_OBJC_ARC = YES;
				CLANG_WARN_BOOL_CONVERSION = YES;
				CLANG_WARN_CONSTANT_CONVERSION = YES;
				CLANG_WARN_DIRECT_OBJC_ISA_USAGE = YES_ERROR;
				CLANG_WARN_EMPTY_BODY = YES;
				CLANG_WARN_ENUM_CONVERSION = YES;
				CLANG_WARN_INT_CONVERSION = YES;
				CLANG_WARN_OBJC_ROOT_CLASS = YES_ERROR;
				CLANG_WARN_UNREACHABLE_CODE = YES;
				CLANG_WARN__DUPLICATE_METHOD_MATCH = YES;
				"CODE_SIGN_IDENTITY[sdk=iphoneos*]" = "iPhone Developer";
				COPY_PHASE_STRIP = NO;
				DEBUG_INFORMATION_FORMAT = dwarf;
				ENABLE_STRICT_OBJC_MSGSEND = YES;
				ENABLE_TESTABILITY = YES;
				GCC_C_LANGUAGE_STANDARD = gnu99;
				GCC_DYNAMIC_NO_PIC = NO;
				GCC_NO_COMMON_BLOCKS = YES;
				GCC_OPTIMIZATION_LEVEL = 0;
				GCC_PREPROCESSOR_DEFINITIONS = (
					"DEBUG=1",
					"$(inherited)",
				);
				GCC_WARN_64_TO_32_BIT_CONVERSION = YES;
				GCC_WARN_ABOUT_RETURN_TYPE = YES_ERROR;
				GCC_WARN_UNDECLARED_SELECTOR = YES;
				GCC_WARN_UNINITIALIZED_AUTOS = YES_AGGRESSIVE;
				GCC_WARN_UNUSED_FUNCTION = YES;
				GCC_WARN_UNUSED_VARIABLE = YES;
				IPHONEOS_DEPLOYMENT_TARGET = 9.3;
				MTL_ENABLE_DEBUG_INFO = YES;
				ONLY_ACTIVE_ARCH = YES;
				SDKROOT = iphoneos;
			};
			name = Debug;
		};
		F52B57D61D59BDBA005EA463 /* Release */ = {
			isa = XCBuildConfiguration;
			buildSettings = {
				ALWAYS_SEARCH_USER_PATHS = NO;
				CLANG_ANALYZER_NONNULL = YES;
				CLANG_CXX_LANGUAGE_STANDARD = "gnu++0x";
				CLANG_CXX_LIBRARY = "libc++";
				CLANG_ENABLE_MODULES = YES;
				CLANG_ENABLE_OBJC_ARC = YES;
				CLANG_WARN_BOOL_CONVERSION = YES;
				CLANG_WARN_CONSTANT_CONVERSION = YES;
				CLANG_WARN_DIRECT_OBJC_ISA_USAGE = YES_ERROR;
				CLANG_WARN_EMPTY_BODY = YES;
				CLANG_WARN_ENUM_CONVERSION = YES;
				CLANG_WARN_INT_CONVERSION = YES;
				CLANG_WARN_OBJC_ROOT_CLASS = YES_ERROR;
				CLANG_WARN_UNREACHABLE_CODE = YES;
				CLANG_WARN__DUPLICATE_METHOD_MATCH = YES;
				"CODE_SIGN_IDENTITY[sdk=iphoneos*]" = "iPhone Developer";
				COPY_PHASE_STRIP = NO;
				DEBUG_INFORMATION_FORMAT = "dwarf-with-dsym";
				ENABLE_NS_ASSERTIONS = NO;
				ENABLE_STRICT_OBJC_MSGSEND = YES;
				GCC_C_LANGUAGE_STANDARD = gnu99;
				GCC_NO_COMMON_BLOCKS = YES;
				GCC_WARN_64_TO_32_BIT_CONVERSION = YES;
				GCC_WARN_ABOUT_RETURN_TYPE = YES_ERROR;
				GCC_WARN_UNDECLARED_SELECTOR = YES;
				GCC_WARN_UNINITIALIZED_AUTOS = YES_AGGRESSIVE;
				GCC_WARN_UNUSED_FUNCTION = YES;
				GCC_WARN_UNUSED_VARIABLE = YES;
				IPHONEOS_DEPLOYMENT_TARGET = 9.3;
				MTL_ENABLE_DEBUG_INFO = NO;
				SDKROOT = iphoneos;
				VALIDATE_PRODUCT = YES;
			};
			name = Release;
		};
		F52B57D81D59BDBA005EA463 /* Debug */ = {
			isa = XCBuildConfiguration;
			buildSettings = {
				HEADER_SEARCH_PATHS = "../CZBase/**";
				OTHER_LDFLAGS = "-ObjC";
				PRODUCT_NAME = "$(TARGET_NAME)";
				SKIP_INSTALL = YES;
			};
			name = Debug;
		};
		F52B57D91D59BDBA005EA463 /* Release */ = {
			isa = XCBuildConfiguration;
			buildSettings = {
				HEADER_SEARCH_PATHS = "../CZBase/**";
				OTHER_LDFLAGS = "-ObjC";
				PRODUCT_NAME = "$(TARGET_NAME)";
				SKIP_INSTALL = YES;
			};
			name = Release;
		};
		F52B58551D59DD54005EA463 /* Debug */ = {
			isa = XCBuildConfiguration;
			buildSettings = {
				CODE_SIGN_IDENTITY = "-";
				COMBINE_HIDPI_IMAGES = YES;
				INFOPLIST_FILE = ModuleCBundle/Info.plist;
				INSTALL_PATH = "$(LOCAL_LIBRARY_DIR)/Bundles";
				MACOSX_DEPLOYMENT_TARGET = 10.11;
				PRODUCT_BUNDLE_IDENTIFIER = com.CZ.ModuleCBundle;
				PRODUCT_NAME = "$(TARGET_NAME)";
				SDKROOT = iphoneos;
				SKIP_INSTALL = YES;
				WRAPPER_EXTENSION = bundle;
			};
			name = Debug;
		};
		F52B58561D59DD54005EA463 /* Release */ = {
			isa = XCBuildConfiguration;
			buildSettings = {
				CODE_SIGN_IDENTITY = "-";
				COMBINE_HIDPI_IMAGES = YES;
				INFOPLIST_FILE = ModuleCBundle/Info.plist;
				INSTALL_PATH = "$(LOCAL_LIBRARY_DIR)/Bundles";
				MACOSX_DEPLOYMENT_TARGET = 10.11;
				PRODUCT_BUNDLE_IDENTIFIER = com.CZ.ModuleCBundle;
				PRODUCT_NAME = "$(TARGET_NAME)";
				SDKROOT = iphoneos;
				SKIP_INSTALL = YES;
				WRAPPER_EXTENSION = bundle;
			};
			name = Release;
		};
/* End XCBuildConfiguration section */

/* Begin XCConfigurationList section */
		F52B57C91D59BDBA005EA463 /* Build configuration list for PBXProject "ModuleC" */ = {
			isa = XCConfigurationList;
			buildConfigurations = (
				F52B57D51D59BDBA005EA463 /* Debug */,
				F52B57D61D59BDBA005EA463 /* Release */,
			);
			defaultConfigurationIsVisible = 0;
			defaultConfigurationName = Release;
		};
		F52B57D71D59BDBA005EA463 /* Build configuration list for PBXNativeTarget "ModuleC" */ = {
			isa = XCConfigurationList;
			buildConfigurations = (
				F52B57D81D59BDBA005EA463 /* Debug */,
				F52B57D91D59BDBA005EA463 /* Release */,
			);
			defaultConfigurationIsVisible = 0;
			defaultConfigurationName = Release;
		};
		F52B58541D59DD54005EA463 /* Build configuration list for PBXNativeTarget "ModuleCBundle" */ = {
			isa = XCConfigurationList;
			buildConfigurations = (
				F52B58551D59DD54005EA463 /* Debug */,
				F52B58561D59DD54005EA463 /* Release */,
			);
			defaultConfigurationIsVisible = 0;
		};
/* End XCConfigurationList section */
	};
	rootObject = F52B57C61D59BDBA005EA463 /* Project object */;
}
